
Microsoft Visual Studio Solution File, Format Version 12.00
# Visual Studio Version 17
VisualStudioVersion = 17.12.35707.178
MinimumVisualStudioVersion = 10.0.40219.1
Project("{FAE04EC0-301F-11D3-BF4B-00C04F79EFBC}") = "RealEase.Web", "RealEase.Web\RealEase.Web.csproj", "{2DA89BA8-8CAD-4F21-8DEC-E3FEDB49D6A0}"
EndProject
Project("{FAE04EC0-301F-11D3-BF4B-00C04F79EFBC}") = "RealEase.API", "RealEase.API\RealEase.API.csproj", "{AB08C878-1CCE-4ECF-AEE6-6D58843FFDFD}"
EndProject
Project("{FAE04EC0-301F-11D3-BF4B-00C04F79EFBC}") = "RealEase.Domain", "RealEase.Domain\RealEase.Domain.csproj", "{77E1827C-3F8E-4447-B8DC-D206DFD36207}"
EndProject
Project("{FAE04EC0-301F-11D3-BF4B-00C04F79EFBC}") = "RealEase.Application", "RealEase.Application\RealEase.Application.csproj", "{A41043BD-F4DF-4CE0-BAA3-F81E98B1F2C1}"
EndProject
Project("{FAE04EC0-301F-11D3-BF4B-00C04F79EFBC}") = "RealEase.Infrastructure", "RealEase.Infraestructure\RealEase.Infrastructure.csproj", "{4D0CF7BF-AFCA-4275-BB2A-9C70D0D8103F}"
EndProject
Global
	GlobalSection(SolutionConfigurationPlatforms) = preSolution
		Debug|Any CPU = Debug|Any CPU
		Release|Any CPU = Release|Any CPU
	EndGlobalSection
	GlobalSection(ProjectConfigurationPlatforms) = postSolution
		{2DA89BA8-8CAD-4F21-8DEC-E3FEDB49D6A0}.Debug|Any CPU.ActiveCfg = Debug|Any CPU
		{2DA89BA8-8CAD-4F21-8DEC-E3FEDB49D6A0}.Debug|Any CPU.Build.0 = Debug|Any CPU
		{2DA89BA8-8CAD-4F21-8DEC-E3FEDB49D6A0}.Release|Any CPU.ActiveCfg = Release|Any CPU
		{2DA89BA8-8CAD-4F21-8DEC-E3FEDB49D6A0}.Release|Any CPU.Build.0 = Release|Any CPU
		{AB08C878-1CCE-4ECF-AEE6-6D58843FFDFD}.Debug|Any CPU.ActiveCfg = Debug|Any CPU
		{AB08C878-1CCE-4ECF-AEE6-6D58843FFDFD}.Debug|Any CPU.Build.0 = Debug|Any CPU
		{AB08C878-1CCE-4ECF-AEE6-6D58843FFDFD}.Release|Any CPU.ActiveCfg = Release|Any CPU
		{AB08C878-1CCE-4ECF-AEE6-6D58843FFDFD}.Release|Any CPU.Build.0 = Release|Any CPU
		{77E1827C-3F8E-4447-B8DC-D206DFD36207}.Debug|Any CPU.ActiveCfg = Debug|Any CPU
		{77E1827C-3F8E-4447-B8DC-D206DFD36207}.Debug|Any CPU.Build.0 = Debug|Any CPU
		{77E1827C-3F8E-4447-B8DC-D206DFD36207}.Release|Any CPU.ActiveCfg = Release|Any CPU
		{77E1827C-3F8E-4447-B8DC-D206DFD36207}.Release|Any CPU.Build.0 = Release|Any CPU
		{A41043BD-F4DF-4CE0-BAA3-F81E98B1F2C1}.Debug|Any CPU.ActiveCfg = Debug|Any CPU
		{A41043BD-F4DF-4CE0-BAA3-F81E98B1F2C1}.Debug|Any CPU.Build.0 = Debug|Any CPU
		{A41043BD-F4DF-4CE0-BAA3-F81E98B1F2C1}.Release|Any CPU.ActiveCfg = Release|Any CPU
		{A41043BD-F4DF-4CE0-BAA3-F81E98B1F2C1}.Release|Any CPU.Build.0 = Release|Any CPU
		{4D0CF7BF-AFCA-4275-BB2A-9C70D0D8103F}.Debug|Any CPU.ActiveCfg = Debug|Any CPU
		{4D0CF7BF-AFCA-4275-BB2A-9C70D0D8103F}.Debug|Any CPU.Build.0 = Debug|Any CPU
		{4D0CF7BF-AFCA-4275-BB2A-9C70D0D8103F}.Release|Any CPU.ActiveCfg = Release|Any CPU
		{4D0CF7BF-AFCA-4275-BB2A-9C70D0D8103F}.Release|Any CPU.Build.0 = Release|Any CPU
	EndGlobalSection
	GlobalSection(SolutionProperties) = preSolution
		HideSolutionNode = FALSE
	EndGlobalSection
EndGlobal
